Microsoft Visual Studio Solution File, Format Version 12.00
# Visual Studio Version 17
VisualStudioVersion = 17.5.2.0
MinimumVisualStudioVersion = 10.0.40219.1
Project("{FAE04EC0-301F-11D3-BF4B-00C04F79EFBC}") = "Quibee", "Quibee.csproj", "{9C162988-021C-F837-F230-4AC70BE4201C}"
EndProject
Global
	GlobalSection(SolutionConfigurationPlatforms) = preSolution
		Debug|Any CPU = Debug|Any CPU
		Release|Any CPU = Release|Any CPU
	EndGlobalSection
	GlobalSection(ProjectConfigurationPlatforms) = postSolution
		{9C162988-021C-F837-F230-4AC70BE4201C}.Debug|Any CPU.ActiveCfg = Debug|Any CPU
		{9C162988-021C-F837-F230-4AC70BE4201C}.Debug|Any CPU.Build.0 = Debug|Any CPU
		{9C162988-021C-F837-F230-4AC70BE4201C}.Release|Any CPU.ActiveCfg = Release|Any CPU
		{9C162988-021C-F837-F230-4AC70BE4201C}.Release|Any CPU.Build.0 = Release|Any CPU
	EndGlobalSection
	GlobalSection(SolutionProperties) = preSolution
		HideSolutionNode = FALSE
	EndGlobalSection
	GlobalSection(ExtensibilityGlobals) = postSolution
		SolutionGuid = {7B181CFA-02EC-44B5-AC2D-E61E2968118E}
	EndGlobalSection
EndGlobal
